{
  "nodes": {
    "asm-lsp": {
      "flake": false,
      "locked": {
        "lastModified": 1770507406,
        "narHash": "sha256-tATR56cUP8DJ//+YJEDjGklq2lyJuc170ZzqraBD+j8=",
        "owner": "bergercookie",
        "repo": "asm-lsp",
        "rev": "f3c00a9f7bac8325bd63113eab2907fee0569f44",
        "type": "github"
      },
      "original": {
        "owner": "bergercookie",
        "ref": "master",
        "repo": "asm-lsp",
        "type": "github"
      }
    },
    "nixpkgs": {
      "locked": {
        "lastModified": 1754214453,
        "narHash": "sha256-Q/I2xJn/j1wpkGhWkQnm20nShYnG7TI99foDBpXm1SY=",
        "owner": "NixOS",
        "repo": "nixpkgs",
        "rev": "5b09dc45f24cf32316283e62aec81ffee3c3e376",
        "type": "github"
      },
      "original": {
        "owner": "NixOS",
        "ref": "nixos-unstable",
        "repo": "nixpkgs",
        "type": "github"
      }
    },
    "root": {
      "inputs": {
        "asm-lsp": "asm-lsp",
        "nixpkgs": "nixpkgs"
      }
    }
  },
  "root": "root",
  "version": 7
}
